
Microsoft Visual Studio Solution File, Format Version 12.00
# Visual Studio 14
VisualStudioVersion = 14.0.23107.0
MinimumVisualStudioVersion = 10.0.40219.1
Project("{FAE04EC0-301F-11D3-BF4B-00C04F79EFBC}") = "Planact.Core", "Planact.Core\Planact.Core.csproj", "{8D41DE7E-CF35-4B58-BBC5-B87EF2757C94}"
EndProject
Project("{FAE04EC0-301F-11D3-BF4B-00C04F79EFBC}") = "Planact.Data", "..\DataSourceLayer\Planact.Data\Planact.Data.csproj", "{992E725A-73BC-49CF-B1D3-CA689145BBE6}"
EndProject
Project("{FAE04EC0-301F-11D3-BF4B-00C04F79EFBC}") = "Planact.Core.Test", "Planact.Core.Test\Planact.Core.Test.csproj", "{2E3DF5C2-8A38-4A03-86D7-8D463C917E47}"
EndProject
Project("{2150E333-8FDC-42A3-9474-1A3956D46DE8}") = "Tests", "Tests", "{3CFAAD69-11AF-4F30-8534-CE89F2D0438C}"
EndProject
Global
	GlobalSection(SolutionConfigurationPlatforms) = preSolution
		Debug|Any CPU = Debug|Any CPU
		Release|Any CPU = Release|Any CPU
	EndGlobalSection
	GlobalSection(ProjectConfigurationPlatforms) = postSolution
		{8D41DE7E-CF35-4B58-BBC5-B87EF2757C94}.Debug|Any CPU.ActiveCfg = Debug|Any CPU
		{8D41DE7E-CF35-4B58-BBC5-B87EF2757C94}.Debug|Any CPU.Build.0 = Debug|Any CPU
		{8D41DE7E-CF35-4B58-BBC5-B87EF2757C94}.Release|Any CPU.ActiveCfg = Release|Any CPU
		{8D41DE7E-CF35-4B58-BBC5-B87EF2757C94}.Release|Any CPU.Build.0 = Release|Any CPU
		{992E725A-73BC-49CF-B1D3-CA689145BBE6}.Debug|Any CPU.ActiveCfg = Debug|Any CPU
		{992E725A-73BC-49CF-B1D3-CA689145BBE6}.Debug|Any CPU.Build.0 = Debug|Any CPU
		{992E725A-73BC-49CF-B1D3-CA689145BBE6}.Release|Any CPU.ActiveCfg = Release|Any CPU
		{992E725A-73BC-49CF-B1D3-CA689145BBE6}.Release|Any CPU.Build.0 = Release|Any CPU
		{2E3DF5C2-8A38-4A03-86D7-8D463C917E47}.Debug|Any CPU.ActiveCfg = Debug|Any CPU
		{2E3DF5C2-8A38-4A03-86D7-8D463C917E47}.Debug|Any CPU.Build.0 = Debug|Any CPU
		{2E3DF5C2-8A38-4A03-86D7-8D463C917E47}.Release|Any CPU.ActiveCfg = Release|Any CPU
		{2E3DF5C2-8A38-4A03-86D7-8D463C917E47}.Release|Any CPU.Build.0 = Release|Any CPU
	EndGlobalSection
	GlobalSection(SolutionProperties) = preSolution
		HideSolutionNode = FALSE
	EndGlobalSection
	GlobalSection(NestedProjects) = preSolution
		{2E3DF5C2-8A38-4A03-86D7-8D463C917E47} = {3CFAAD69-11AF-4F30-8534-CE89F2D0438C}
	EndGlobalSection
EndGlobal
